
Microsoft Visual Studio Solution File, Format Version 12.00
# Visual Studio Version 17
VisualStudioVersion = 17.4.33110.190
MinimumVisualStudioVersion = 10.0.40219.1
Project("{9A19103F-16F7-4668-BE54-9A1E7A4F7556}") = "AspNetCoreDateAndTimeOnly", "AspNetCoreDateAndTimeOnly\AspNetCoreDateAndTimeOnly.csproj", "{35DE9F75-7A8A-49DC-8C8F-8138A2ABB75E}"
EndProject
Global
	GlobalSection(SolutionConfigurationPlatforms) = preSolution
		Debug|Any CPU = Debug|Any CPU
		Release|Any CPU = Release|Any CPU
	EndGlobalSection
	GlobalSection(ProjectConfigurationPlatforms) = postSolution
		{35DE9F75-7A8A-49DC-8C8F-8138A2ABB75E}.Debug|Any CPU.ActiveCfg = Debug|Any CPU
		{35DE9F75-7A8A-49DC-8C8F-8138A2ABB75E}.Debug|Any CPU.Build.0 = Debug|Any CPU
		{35DE9F75-7A8A-49DC-8C8F-8138A2ABB75E}.Release|Any CPU.ActiveCfg = Release|Any CPU
		{35DE9F75-7A8A-49DC-8C8F-8138A2ABB75E}.Release|Any CPU.Build.0 = Release|Any CPU
	EndGlobalSection
	GlobalSection(SolutionProperties) = preSolution
		HideSolutionNode = FALSE
	EndGlobalSection
	GlobalSection(ExtensibilityGlobals) = postSolution
		SolutionGuid = {8771BBEF-A5BC-42E8-911F-7D16A4BFCA08}
	EndGlobalSection
EndGlobal
